// !$*UTF8*$!
{
	archiveVersion = 1;
	classes = {
	};
	objectVersion = 50;
	objects = {

/* Begin PBXBuildFile section */
		D75925F221AE103600230174 /* AppDelegate.swift in Sources */ = {isa = PBXBuildFile; fileRef = D75925F121AE103600230174 /* AppDelegate.swift */; };
		D75925F421AE103600230174 /* art.scnassets in Resources */ = {isa = PBXBuildFile; fileRef = D75925F321AE103600230174 /* art.scnassets */; };
		D75925F621AE103600230174 /* ViewController.swift in Sources */ = {isa = PBXBuildFile; fileRef = D75925F521AE103600230174 /* ViewController.swift */; };
		D75925F921AE103600230174 /* Main.storyboard in Resources */ = {isa = PBXBuildFile; fileRef = D75925F721AE103600230174 /* Main.storyboard */; };
		D75925FB21AE103800230174 /* Assets.xcassets in Resources */ = {isa = PBXBuildFile; fileRef = D75925FA21AE103800230174 /* Assets.xcassets */; };
		D75925FE21AE103800230174 /* LaunchScreen.storyboard in Resources */ = {isa = PBXBuildFile; fileRef = D75925FC21AE103800230174 /* LaunchScreen.storyboard */; };
		D759260621AE11F300230174 /* mat.jpg in Resources */ = {isa = PBXBuildFile; fileRef = D759260521AE11F300230174 /* mat.jpg */; };
		D759261021AE3E1B00230174 /* Controls.swift in Sources */ = {isa = PBXBuildFile; fileRef = D759260F21AE3E1B00230174 /* Controls.swift */; };
		D759261521AE491300230174 /* UpBtn.png in Resources */ = {isa = PBXBuildFile; fileRef = D759261121AE491200230174 /* UpBtn.png */; };
		D759261621AE491300230174 /* LeftBtn.png in Resources */ = {isa = PBXBuildFile; fileRef = D759261221AE491200230174 /* LeftBtn.png */; };
		D759261721AE491300230174 /* DownBtn.png in Resources */ = {isa = PBXBuildFile; fileRef = D759261321AE491200230174 /* DownBtn.png */; };
		D759261821AE491300230174 /* RightBtn.png in Resources */ = {isa = PBXBuildFile; fileRef = D759261421AE491200230174 /* RightBtn.png */; };
		D759262021AF809000230174 /* car.dae in Resources */ = {isa = PBXBuildFile; fileRef = D759261F21AF809000230174 /* car.dae */; };
		D759262221AF92CC00230174 /* RefreshBtn.png in Resources */ = {isa = PBXBuildFile; fileRef = D759262121AF92CC00230174 /* RefreshBtn.png */; };
		D759262421AF98B600230174 /* BarrierMaterial.png in Resources */ = {isa = PBXBuildFile; fileRef = D759262321AF98B600230174 /* BarrierMaterial.png */; };
/* End PBXBuildFile section */

/* Begin PBXFileReference section */
		D75925EE21AE103600230174 /* RC Car.app */ = {isa = PBXFileReference; explicitFileType = wrapper.application; includeInIndex = 0; path = "RC Car.app"; sourceTree = BUILT_PRODUCTS_DIR; };
		D75925F121AE103600230174 /* AppDelegate.swift */ = {isa = PBXFileReference; lastKnownFileType = sourcecode.swift; path = AppDelegate.swift; sourceTree = "<group>"; };
		D75925F321AE103600230174 /* art.scnassets */ = {isa = PBXFileReference; lastKnownFileType = wrapper.scnassets; path = art.scnassets; sourceTree = "<group>"; };
		D75925F521AE103600230174 /* ViewController.swift */ = {isa = PBXFileReference; lastKnownFileType = sourcecode.swift; path = ViewController.swift; sourceTree = "<group>"; };
		D75925F821AE103600230174 /* Base */ = {isa = PBXFileReference; lastKnownFileType = file.storyboard; name = Base; path = Base.lproj/Main.storyboard; sourceTree = "<group>"; };
		D75925FA21AE103800230174 /* Assets.xcassets */ = {isa = PBXFileReference; lastKnownFileType = folder.assetcatalog; path = Assets.xcassets; sourceTree = "<group>"; };
		D75925FD21AE103800230174 /* Base */ = {isa = PBXFileReference; lastKnownFileType = file.storyboard; name = Base; path = Base.lproj/LaunchScreen.storyboard; sourceTree = "<group>"; };
		D75925FF21AE103800230174 /* Info.plist */ = {isa = PBXFileReference; lastKnownFileType = text.plist.xml; path = Info.plist; sourceTree = "<group>"; };
		D759260521AE11F300230174 /* mat.jpg */ = {isa = PBXFileReference; lastKnownFileType = image.jpeg; path = mat.jpg; sourceTree = "<group>"; };
		D759260F21AE3E1B00230174 /* Controls.swift */ = {isa = PBXFileReference; lastKnownFileType = sourcecode.swift; path = Controls.swift; sourceTree = "<group>"; };
		D759261121AE491200230174 /* UpBtn.png */ = {isa = PBXFileReference; lastKnownFileType = image.png; path = UpBtn.png; sourceTree = "<group>"; };
		D759261221AE491200230174 /* LeftBtn.png */ = {isa = PBXFileReference; lastKnownFileType = image.png; path = LeftBtn.png; sourceTree = "<group>"; };
		D759261321AE491200230174 /* DownBtn.png */ = {isa = PBXFileReference; lastKnownFileType = image.png; path = DownBtn.png; sourceTree = "<group>"; };
		D759261421AE491200230174 /* RightBtn.png */ = {isa = PBXFileReference; lastKnownFileType = image.png; path = RightBtn.png; sourceTree = "<group>"; };
		D759261F21AF809000230174 /* car.dae */ = {isa = PBXFileReference; fileEncoding = 4; lastKnownFileType = text.xml.dae; path = car.dae; sourceTree = "<group>"; };
		D759262121AF92CC00230174 /* RefreshBtn.png */ = {isa = PBXFileReference; lastKnownFileType = image.png; path = RefreshBtn.png; sourceTree = "<group>"; };
		D759262321AF98B600230174 /* BarrierMaterial.png */ = {isa = PBXFileReference; lastKnownFileType = image.png; path = BarrierMaterial.png; sourceTree = "<group>"; };
/* End PBXFileReference section */

/* Begin PBXFrameworksBuildPhase section */
		D75925EB21AE103600230174 /* Frameworks */ = {
			isa = PBXFrameworksBuildPhase;
			buildActionMask = 2147483647;
			files = (
			);
			runOnlyForDeploymentPostprocessing = 0;
		};
/* End PBXFrameworksBuildPhase section */

/* Begin PBXGroup section */
		D75925E521AE103600230174 = {
			isa = PBXGroup;
			children = (
				D75925F021AE103600230174 /* RC Car */,
				D75925EF21AE103600230174 /* Products */,
			);
			sourceTree = "<group>";
		};
		D75925EF21AE103600230174 /* Products */ = {
			isa = PBXGroup;
			children = (
				D75925EE21AE103600230174 /* RC Car.app */,
			);
			name = Products;
			sourceTree = "<group>";
		};
		D75925F021AE103600230174 /* RC Car */ = {
			isa = PBXGroup;
			children = (
				D759260521AE11F300230174 /* mat.jpg */,
				D75925F121AE103600230174 /* AppDelegate.swift */,
				D759261F21AF809000230174 /* car.dae */,
				D759261321AE491200230174 /* DownBtn.png */,
				D759261221AE491200230174 /* LeftBtn.png */,
				D759261421AE491200230174 /* RightBtn.png */,
				D759261121AE491200230174 /* UpBtn.png */,
				D759262121AF92CC00230174 /* RefreshBtn.png */,
				D759262321AF98B600230174 /* BarrierMaterial.png */,
				D75925F321AE103600230174 /* art.scnassets */,
				D75925F521AE103600230174 /* ViewController.swift */,
				D759260F21AE3E1B00230174 /* Controls.swift */,
				D75925F721AE103600230174 /* Main.storyboard */,
				D75925FA21AE103800230174 /* Assets.xcassets */,
				D75925FC21AE103800230174 /* LaunchScreen.storyboard */,
				D75925FF21AE103800230174 /* Info.plist */,
			);
			path = "RC Car";
			sourceTree = "<group>";
		};
/* End PBXGroup section */

/* Begin PBXNativeTarget section */
		D75925ED21AE103600230174 /* RC Car */ = {
			isa = PBXNativeTarget;
			buildConfigurationList = D759260221AE103800230174 /* Build configuration list for PBXNativeTarget "RC Car" */;
			buildPhases = (
				D75925EA21AE103600230174 /* Sources */,
				D75925EB21AE103600230174 /* Frameworks */,
				D75925EC21AE103600230174 /* Resources */,
			);
			buildRules = (
			);
			dependencies = (
			);
			name = "RC Car";
			productName = "RC Car";
			productReference = D75925EE21AE103600230174 /* RC Car.app */;
			productType = "com.apple.product-type.application";
		};
/* End PBXNativeTarget section */

/* Begin PBXProject section */
		D75925E621AE103600230174 /* Project object */ = {
			isa = PBXProject;
			attributes = {
				LastSwiftUpdateCheck = 1010;
				LastUpgradeCheck = 1010;
				ORGANIZATIONNAME = "Vincent Noble";
				TargetAttributes = {
					D75925ED21AE103600230174 = {
						CreatedOnToolsVersion = 10.1;
					};
				};
			};
			buildConfigurationList = D75925E921AE103600230174 /* Build configuration list for PBXProject "RC Car" */;
			compatibilityVersion = "Xcode 9.3";
			developmentRegion = en;
			hasScannedForEncodings = 0;
			knownRegions = (
				en,
				Base,
			);
			mainGroup = D75925E521AE103600230174;
			productRefGroup = D75925EF21AE103600230174 /* Products */;
			projectDirPath = "";
			projectRoot = "";
			targets = (
				D75925ED21AE103600230174 /* RC Car */,
			);
		};
/* End PBXProject section */

/* Begin PBXResourcesBuildPhase section */
		D75925EC21AE103600230174 /* Resources */ = {
			isa = PBXResourcesBuildPhase;
			buildActionMask = 2147483647;
			files = (
				D75925F421AE103600230174 /* art.scnassets in Resources */,
				D75925FE21AE103800230174 /* LaunchScreen.storyboard in Resources */,
				D759261721AE491300230174 /* DownBtn.png in Resources */,
				D759261821AE491300230174 /* RightBtn.png in Resources */,
				D759262421AF98B600230174 /* BarrierMaterial.png in Resources */,
				D759260621AE11F300230174 /* mat.jpg in Resources */,
				D759262221AF92CC00230174 /* RefreshBtn.png in Resources */,
				D75925FB21AE103800230174 /* Assets.xcassets in Resources */,
				D759261621AE491300230174 /* LeftBtn.png in Resources */,
				D759262021AF809000230174 /* car.dae in Resources */,
				D75925F921AE103600230174 /* Main.storyboard in Resources */,
				D759261521AE491300230174 /* UpBtn.png in Resources */,
			);
			runOnlyForDeploymentPostprocessing = 0;
		};
/* End PBXResourcesBuildPhase section */

/* Begin PBXSourcesBuildPhase section */
		D75925EA21AE103600230174 /* Sources */ = {
			isa = PBXSourcesBuildPhase;
			buildActionMask = 2147483647;
			files = (
				D75925F621AE103600230174 /* ViewController.swift in Sources */,
				D759261021AE3E1B00230174 /* Controls.swift in Sources */,
				D75925F221AE103600230174 /* AppDelegate.swift in Sources */,
			);
			runOnlyForDeploymentPostprocessing = 0;
		};
/* End PBXSourcesBuildPhase section */

/* Begin PBXVariantGroup section */
		D75925F721AE103600230174 /* Main.storyboard */ = {
			isa = PBXVariantGroup;
			children = (
				D75925F821AE103600230174 /* Base */,
			);
			name = Main.storyboard;
			sourceTree = "<group>";
		};
		D75925FC21AE103800230174 /* LaunchScreen.storyboard */ = {
			isa = PBXVariantGroup;
			children = (
				D75925FD21AE103800230174 /* Base */,
			);
			name = LaunchScreen.storyboard;
			sourceTree = "<group>";
		};
/* End PBXVariantGroup section */

/* Begin XCBuildConfiguration section */
		D759260021AE103800230174 /* Debug */ = {
			isa = XCBuildConfiguration;
			buildSettings = {
				ALWAYS_SEARCH_USER_PATHS = NO;
				CLANG_ANALYZER_NONNULL = YES;
				CLANG_ANALYZER_NUMBER_OBJECT_CONVERSION = YES_AGGRESSIVE;
				CLANG_CXX_LANGUAGE_STANDARD = "gnu++14";
				CLANG_CXX_LIBRARY = "libc++";
				CLANG_ENABLE_MODULES = YES;
				CLANG_ENABLE_OBJC_ARC = YES;
				CLANG_ENABLE_OBJC_WEAK = YES;
				CLANG_WARN_BLOCK_CAPTURE_AUTORELEASING = YES;
				CLANG_WARN_BOOL_CONVERSION = YES;
				CLANG_WARN_COMMA = YES;
				CLANG_WARN_CONSTANT_CONVERSION = YES;
				CLANG_WARN_DEPRECATED_OBJC_IMPLEMENTATIONS = YES;
				CLANG_WARN_DIRECT_OBJC_ISA_USAGE = YES_ERROR;
				CLANG_WARN_DOCUMENTATION_COMMENTS = YES;
				CLANG_WARN_EMPTY_BODY = YES;
				CLANG_WARN_ENUM_CONVERSION = YES;
				CLANG_WARN_INFINITE_RECURSION = YES;
				CLANG_WARN_INT_CONVERSION = YES;
				CLANG_WARN_NON_LITERAL_NULL_CONVERSION = YES;
				CLANG_WARN_OBJC_IMPLICIT_RETAIN_SELF = YES;
				CLANG_WARN_OBJC_LITERAL_CONVERSION = YES;
				CLANG_WARN_OBJC_ROOT_CLASS = YES_ERROR;
				CLANG_WARN_RANGE_LOOP_ANALYSIS = YES;
				CLANG_WARN_STRICT_PROTOTYPES = YES;
				CLANG_WARN_SUSPICIOUS_MOVE = YES;
				CLANG_WARN_UNGUARDED_AVAILABILITY = YES_AGGRESSIVE;
				CLANG_WARN_UNREACHABLE_CODE = YES;
				CLANG_WARN__DUPLICATE_METHOD_MATCH = YES;
				CODE_SIGN_IDENTITY = "iPhone Developer";
				COPY_PHASE_STRIP = NO;
				DEBUG_INFORMATION_FORMAT = dwarf;
				ENABLE_STRICT_OBJC_MSGSEND = YES;
				ENABLE_TESTABILITY = YES;
				GCC_C_LANGUAGE_STANDARD = gnu11;
				GCC_DYNAMIC_NO_PIC = NO;
				GCC_NO_COMMON_BLOCKS = YES;
				GCC_OPTIMIZATION_LEVEL = 0;
				GCC_PREPROCESSOR_DEFINITIONS = (
					"DEBUG=1",
					"$(inherited)",
				);
				GCC_WARN_64_TO_32_BIT_CONVERSION = YES;
				GCC_WARN_ABOUT_RETURN_TYPE = YES_ERROR;
				GCC_WARN_UNDECLARED_SELECTOR = YES;
				GCC_WARN_UNINITIALIZED_AUTOS = YES_AGGRESSIVE;
				GCC_WARN_UNUSED_FUNCTION = YES;
				GCC_WARN_UNUSED_VARIABLE = YES;
				IPHONEOS_DEPLOYMENT_TARGET = 12.1;
				MTL_ENABLE_DEBUG_INFO = INCLUDE_SOURCE;
				MTL_FAST_MATH = YES;
				ONLY_ACTIVE_ARCH = YES;
				SDKROOT = iphoneos;
				SWIFT_ACTIVE_COMPILATION_CONDITIONS = DEBUG;
				SWIFT_OPTIMIZATION_LEVEL = "-Onone";
			};
			name = Debug;
		};
		D759260121AE103800230174 /* Release */ = {
			isa = XCBuildConfiguration;
			buildSettings = {
				ALWAYS_SEARCH_USER_PATHS = NO;
				CLANG_ANALYZER_NONNULL = YES;
				CLANG_ANALYZER_NUMBER_OBJECT_CONVERSION = YES_AGGRESSIVE;
				CLANG_CXX_LANGUAGE_STANDARD = "gnu++14";
				CLANG_CXX_LIBRARY = "libc++";
				CLANG_ENABLE_MODULES = YES;
				CLANG_ENABLE_OBJC_ARC = YES;
				CLANG_ENABLE_OBJC_WEAK = YES;
				CLANG_WARN_BLOCK_CAPTURE_AUTORELEASING = YES;
				CLANG_WARN_BOOL_CONVERSION = YES;
				CLANG_WARN_COMMA = YES;
				CLANG_WARN_CONSTANT_CONVERSION = YES;
				CLANG_WARN_DEPRECATED_OBJC_IMPLEMENTATIONS = YES;
				CLANG_WARN_DIRECT_OBJC_ISA_USAGE = YES_ERROR;
				CLANG_WARN_DOCUMENTATION_COMMENTS = YES;
				CLANG_WARN_EMPTY_BODY = YES;
				CLANG_WARN_ENUM_CONVERSION = YES;
				CLANG_WARN_INFINITE_RECURSION = YES;
				CLANG_WARN_INT_CONVERSION = YES;
				CLANG_WARN_NON_LITERAL_NULL_CONVERSION = YES;
				CLANG_WARN_OBJC_IMPLICIT_RETAIN_SELF = YES;
				CLANG_WARN_OBJC_LITERAL_CONVERSION = YES;
				CLANG_WARN_OBJC_ROOT_CLASS = YES_ERROR;
				CLANG_WARN_RANGE_LOOP_ANALYSIS = YES;
				CLANG_WARN_STRICT_PROTOTYPES = YES;
				CLANG_WARN_SUSPICIOUS_MOVE = YES;
				CLANG_WARN_UNGUARDED_AVAILABILITY = YES_AGGRESSIVE;
				CLANG_WARN_UNREACHABLE_CODE = YES;
				CLANG_WARN__DUPLICATE_METHOD_MATCH = YES;
				CODE_SIGN_IDENTITY = "iPhone Developer";
				COPY_PHASE_STRIP = NO;
				DEBUG_INFORMATION_FORMAT = "dwarf-with-dsym";
				ENABLE_NS_ASSERTIONS = NO;
				ENABLE_STRICT_OBJC_MSGSEND = YES;
				GCC_C_LANGUAGE_STANDARD = gnu11;
				GCC_NO_COMMON_BLOCKS = YES;
				GCC_WARN_64_TO_32_BIT_CONVERSION = YES;
				GCC_WARN_ABOUT_RETURN_TYPE = YES_ERROR;
				GCC_WARN_UNDECLARED_SELECTOR = YES;
				GCC_WARN_UNINITIALIZED_AUTOS = YES_AGGRESSIVE;
				GCC_WARN_UNUSED_FUNCTION = YES;
				GCC_WARN_UNUSED_VARIABLE = YES;
				IPHONEOS_DEPLOYMENT_TARGET = 12.1;
				MTL_ENABLE_DEBUG_INFO = NO;
				MTL_FAST_MATH = YES;
				SDKROOT = iphoneos;
				SWIFT_COMPILATION_MODE = wholemodule;
				SWIFT_OPTIMIZATION_LEVEL = "-O";
				VALIDATE_PRODUCT = YES;
			};
			name = Release;
		};
		D759260321AE103800230174 /* Debug */ = {
			isa = XCBuildConfiguration;
			buildSettings = {
				ASSETCATALOG_COMPILER_APPICON_NAME = AppIcon;
				CODE_SIGN_STYLE = Automatic;
				DEVELOPMENT_TEAM = X5T93KQGK3;
				INFOPLIST_FILE = "RC Car/Info.plist";
				LD_RUNPATH_SEARCH_PATHS = (
					"$(inherited)",
					"@executable_path/Frameworks",
				);
				PRODUCT_BUNDLE_IDENTIFIER = "VincentNoble.RC-Car";
				PRODUCT_NAME = "$(TARGET_NAME)";
				SWIFT_VERSION = 4.2;
				TARGETED_DEVICE_FAMILY = "1,2";
			};
			name = Debug;
		};
		D759260421AE103800230174 /* Release */ = {
			isa = XCBuildConfiguration;
			buildSettings = {
				ASSETCATALOG_COMPILER_APPICON_NAME = AppIcon;
				CODE_SIGN_STYLE = Automatic;
				DEVELOPMENT_TEAM = X5T93KQGK3;
				INFOPLIST_FILE = "RC Car/Info.plist";
				LD_RUNPATH_SEARCH_PATHS = (
					"$(inherited)",
					"@executable_path/Frameworks",
				);
				PRODUCT_BUNDLE_IDENTIFIER = "VincentNoble.RC-Car";
				PRODUCT_NAME = "$(TARGET_NAME)";
				SWIFT_VERSION = 4.2;
				TARGETED_DEVICE_FAMILY = "1,2";
			};
			name = Release;
		};
/* End XCBuildConfiguration section */

/* Begin XCConfigurationList section */
		D75925E921AE103600230174 /* Build configuration list for PBXProject "RC Car" */ = {
			isa = XCConfigurationList;
			buildConfigurations = (
				D759260021AE103800230174 /* Debug */,
				D759260121AE103800230174 /* Release */,
			);
			defaultConfigurationIsVisible = 0;
			defaultConfigurationName = Release;
		};
		D759260221AE103800230174 /* Build configuration list for PBXNativeTarget "RC Car" */ = {
			isa = XCConfigurationList;
			buildConfigurations = (
				D759260321AE103800230174 /* Debug */,
				D759260421AE103800230174 /* Release */,
			);
			defaultConfigurationIsVisible = 0;
			defaultConfigurationName = Release;
		};
/* End XCConfigurationList section */
	};
	rootObject = D75925E621AE103600230174 /* Project object */;
}
